
Microsoft Visual Studio Solution File, Format Version 12.00
# Visual Studio 15
VisualStudioVersion = 15.0.27004.2006
MinimumVisualStudioVersion = 10.0.40219.1
Project("{FAE04EC0-301F-11D3-BF4B-00C04F79EFBC}") = "CourseApp.Web", "CourseApp.Web\CourseApp.Web.csproj", "{D8BB002E-95DE-430E-915E-E33BC3FEF10A}"
EndProject
Project("{FAE04EC0-301F-11D3-BF4B-00C04F79EFBC}") = "CourseApp.Console", "CourseApp.Console\CourseApp.Console.csproj", "{995D8258-E675-4865-8BB3-D463112C2008}"
EndProject
Project("{FAE04EC0-301F-11D3-BF4B-00C04F79EFBC}") = "CourseApp.DataAccess", "CourseApp.DataAccess\CourseApp.DataAccess.csproj", "{ED2F93F1-2EBA-4468-A26A-5D9398C3F625}"
EndProject
Global
	GlobalSection(SolutionConfigurationPlatforms) = preSolution
		Debug|Any CPU = Debug|Any CPU
		Release|Any CPU = Release|Any CPU
	EndGlobalSection
	GlobalSection(ProjectConfigurationPlatforms) = postSolution
		{D8BB002E-95DE-430E-915E-E33BC3FEF10A}.Debug|Any CPU.ActiveCfg = Debug|Any CPU
		{D8BB002E-95DE-430E-915E-E33BC3FEF10A}.Debug|Any CPU.Build.0 = Debug|Any CPU
		{D8BB002E-95DE-430E-915E-E33BC3FEF10A}.Release|Any CPU.ActiveCfg = Release|Any CPU
		{D8BB002E-95DE-430E-915E-E33BC3FEF10A}.Release|Any CPU.Build.0 = Release|Any CPU
		{995D8258-E675-4865-8BB3-D463112C2008}.Debug|Any CPU.ActiveCfg = Debug|Any CPU
		{995D8258-E675-4865-8BB3-D463112C2008}.Debug|Any CPU.Build.0 = Debug|Any CPU
		{995D8258-E675-4865-8BB3-D463112C2008}.Release|Any CPU.ActiveCfg = Release|Any CPU
		{995D8258-E675-4865-8BB3-D463112C2008}.Release|Any CPU.Build.0 = Release|Any CPU
		{ED2F93F1-2EBA-4468-A26A-5D9398C3F625}.Debug|Any CPU.ActiveCfg = Debug|Any CPU
		{ED2F93F1-2EBA-4468-A26A-5D9398C3F625}.Debug|Any CPU.Build.0 = Debug|Any CPU
		{ED2F93F1-2EBA-4468-A26A-5D9398C3F625}.Release|Any CPU.ActiveCfg = Release|Any CPU
		{ED2F93F1-2EBA-4468-A26A-5D9398C3F625}.Release|Any CPU.Build.0 = Release|Any CPU
	EndGlobalSection
	GlobalSection(SolutionProperties) = preSolution
		HideSolutionNode = FALSE
	EndGlobalSection
	GlobalSection(ExtensibilityGlobals) = postSolution
		SolutionGuid = {BE337A2C-94E3-402C-853A-5205C10F2AAB}
	EndGlobalSection
EndGlobal
